// !$*UTF8*$!
{
	archiveVersion = 1;
	classes = {
	};
	objectVersion = 46;
	objects = {

/* Begin PBXBuildFile section */
		5E6473691A41CE6F00CB4DFD /* AppDelegate.swift in Sources */ = {isa = PBXBuildFile; fileRef = 5E6473681A41CE6F00CB4DFD /* AppDelegate.swift */; };
		5E64736B1A41CE6F00CB4DFD /* ViewController.swift in Sources */ = {isa = PBXBuildFile; fileRef = 5E64736A1A41CE6F00CB4DFD /* ViewController.swift */; };
		5E64736E1A41CE6F00CB4DFD /* Main.storyboard in Resources */ = {isa = PBXBuildFile; fileRef = 5E64736C1A41CE6F00CB4DFD /* Main.storyboard */; };
		5E6473701A41CE6F00CB4DFD /* Images.xcassets in Resources */ = {isa = PBXBuildFile; fileRef = 5E64736F1A41CE6F00CB4DFD /* Images.xcassets */; };
		5E6473731A41CE6F00CB4DFD /* LaunchScreen.xib in Resources */ = {isa = PBXBuildFile; fileRef = 5E6473711A41CE6F00CB4DFD /* LaunchScreen.xib */; };
		5E64737F1A41CE6F00CB4DFD /* DemoProjectTests.swift in Sources */ = {isa = PBXBuildFile; fileRef = 5E64737E1A41CE6F00CB4DFD /* DemoProjectTests.swift */; };
/* End PBXBuildFile section */

/* Begin PBXContainerItemProxy section */
		5E6473791A41CE6F00CB4DFD /* PBXContainerItemProxy */ = {
			isa = PBXContainerItemProxy;
			containerPortal = 5E64735B1A41CE6F00CB4DFD /* Project object */;
			proxyType = 1;
			remoteGlobalIDString = 5E6473621A41CE6F00CB4DFD;
			remoteInfo = DemoProject;
		};
/* End PBXContainerItemProxy section */

/* Begin PBXFileReference section */
		5E6473631A41CE6F00CB4DFD /* DemoProject.app */ = {isa = PBXFileReference; explicitFileType = wrapper.application; includeInIndex = 0; path = DemoProject.app; sourceTree = BUILT_PRODUCTS_DIR; };
		5E6473671A41CE6F00CB4DFD /* Info.plist */ = {isa = PBXFileReference; lastKnownFileType = text.plist.xml; path = Info.plist; sourceTree = "<group>"; };
		5E6473681A41CE6F00CB4DFD /* AppDelegate.swift */ = {isa = PBXFileReference; lastKnownFileType = sourcecode.swift; path = AppDelegate.swift; sourceTree = "<group>"; };
		5E64736A1A41CE6F00CB4DFD /* ViewController.swift */ = {isa = PBXFileReference; lastKnownFileType = sourcecode.swift; path = ViewController.swift; sourceTree = "<group>"; };
		5E64736D1A41CE6F00CB4DFD /* Base */ = {isa = PBXFileReference; lastKnownFileType = file.storyboard; name = Base; path = Base.lproj/Main.storyboard; sourceTree = "<group>"; };
		5E64736F1A41CE6F00CB4DFD /* Images.xcassets */ = {isa = PBXFileReference; lastKnownFileType = folder.assetcatalog; path = Images.xcassets; sourceTree = "<group>"; };
		5E6473721A41CE6F00CB4DFD /* Base */ = {isa = PBXFileReference; lastKnownFileType = file.xib; name = Base; path = Base.lproj/LaunchScreen.xib; sourceTree = "<group>"; };
		5E6473781A41CE6F00CB4DFD /* DemoProjectTests.xctest */ = {isa = PBXFileReference; explicitFileType = wrapper.cfbundle; includeInIndex = 0; path = DemoProjectTests.xctest; sourceTree = BUILT_PRODUCTS_DIR; };
		5E64737D1A41CE6F00CB4DFD /* Info.plist */ = {isa = PBXFileReference; lastKnownFileType = text.plist.xml; path = Info.plist; sourceTree = "<group>"; };
		5E64737E1A41CE6F00CB4DFD /* DemoProjectTests.swift */ = {isa = PBXFileReference; lastKnownFileType = sourcecode.swift; path = DemoProjectTests.swift; sourceTree = "<group>"; };
/* End PBXFileReference section */

/* Begin PBXFrameworksBuildPhase section */
		5E6473601A41CE6F00CB4DFD /* Frameworks */ = {
			isa = PBXFrameworksBuildPhase;
			buildActionMask = 2147483647;
			files = (
			);
			runOnlyForDeploymentPostprocessing = 0;
		};
		5E6473751A41CE6F00CB4DFD /* Frameworks */ = {
			isa = PBXFrameworksBuildPhase;
			buildActionMask = 2147483647;
			files = (
			);
			runOnlyForDeploymentPostprocessing = 0;
		};
/* End PBXFrameworksBuildPhase section */

/* Begin PBXGroup section */
		5E64735A1A41CE6F00CB4DFD = {
			isa = PBXGroup;
			children = (
				5E6473651A41CE6F00CB4DFD /* DemoProject */,
				5E64737B1A41CE6F00CB4DFD /* DemoProjectTests */,
				5E6473641A41CE6F00CB4DFD /* Products */,
			);
			sourceTree = "<group>";
		};
		5E6473641A41CE6F00CB4DFD /* Products */ = {
			isa = PBXGroup;
			children = (
				5E6473631A41CE6F00CB4DFD /* DemoProject.app */,
				5E6473781A41CE6F00CB4DFD /* DemoProjectTests.xctest */,
			);
			name = Products;
			sourceTree = "<group>";
		};
		5E6473651A41CE6F00CB4DFD /* DemoProject */ = {
			isa = PBXGroup;
			children = (
				5E6473681A41CE6F00CB4DFD /* AppDelegate.swift */,
				5E64736A1A41CE6F00CB4DFD /* ViewController.swift */,
				5E64736C1A41CE6F00CB4DFD /* Main.storyboard */,
				5E64736F1A41CE6F00CB4DFD /* Images.xcassets */,
				5E6473711A41CE6F00CB4DFD /* LaunchScreen.xib */,
				5E6473661A41CE6F00CB4DFD /* Supporting Files */,
			);
			path = DemoProject;
			sourceTree = "<group>";
		};
		5E6473661A41CE6F00CB4DFD /* Supporting Files */ = {
			isa = PBXGroup;
			children = (
				5E6473671A41CE6F00CB4DFD /* Info.plist */,
			);
			name = "Supporting Files";
			sourceTree = "<group>";
		};
		5E64737B1A41CE6F00CB4DFD /* DemoProjectTests */ = {
			isa = PBXGroup;
			children = (
				5E64737E1A41CE6F00CB4DFD /* DemoProjectTests.swift */,
				5E64737C1A41CE6F00CB4DFD /* Supporting Files */,
			);
			path = DemoProjectTests;
			sourceTree = "<group>";
		};
		5E64737C1A41CE6F00CB4DFD /* Supporting Files */ = {
			isa = PBXGroup;
			children = (
				5E64737D1A41CE6F00CB4DFD /* Info.plist */,
			);
			name = "Supporting Files";
			sourceTree = "<group>";
		};
/* End PBXGroup section */

/* Begin PBXNativeTarget section */
		5E6473621A41CE6F00CB4DFD /* DemoProject */ = {
			isa = PBXNativeTarget;
			buildConfigurationList = 5E6473821A41CE6F00CB4DFD /* Build configuration list for PBXNativeTarget "DemoProject" */;
			buildPhases = (
				5E64735F1A41CE6F00CB4DFD /* Sources */,
				5E6473601A41CE6F00CB4DFD /* Frameworks */,
				5E6473611A41CE6F00CB4DFD /* Resources */,
			);
			buildRules = (
			);
			dependencies = (
			);
			name = DemoProject;
			productName = DemoProject;
			productReference = 5E6473631A41CE6F00CB4DFD /* DemoProject.app */;
			productType = "com.apple.product-type.application";
		};
		5E6473771A41CE6F00CB4DFD /* DemoProjectTests */ = {
			isa = PBXNativeTarget;
			buildConfigurationList = 5E6473851A41CE6F00CB4DFD /* Build configuration list for PBXNativeTarget "DemoProjectTests" */;
			buildPhases = (
				5E6473741A41CE6F00CB4DFD /* Sources */,
				5E6473751A41CE6F00CB4DFD /* Frameworks */,
				5E6473761A41CE6F00CB4DFD /* Resources */,
			);
			buildRules = (
			);
			dependencies = (
				5E64737A1A41CE6F00CB4DFD /* PBXTargetDependency */,
			);
			name = DemoProjectTests;
			productName = DemoProjectTests;
			productReference = 5E6473781A41CE6F00CB4DFD /* DemoProjectTests.xctest */;
			productType = "com.apple.product-type.bundle.unit-test";
		};
/* End PBXNativeTarget section */

/* Begin PBXProject section */
		5E64735B1A41CE6F00CB4DFD /* Project object */ = {
			isa = PBXProject;
			attributes = {
				LastUpgradeCheck = 0610;
				ORGANIZATIONNAME = "Артем Шапет";
				TargetAttributes = {
					5E6473621A41CE6F00CB4DFD = {
						CreatedOnToolsVersion = 6.1.1;
					};
					5E6473771A41CE6F00CB4DFD = {
						CreatedOnToolsVersion = 6.1.1;
						TestTargetID = 5E6473621A41CE6F00CB4DFD;
					};
				};
			};
			buildConfigurationList = 5E64735E1A41CE6F00CB4DFD /* Build configuration list for PBXProject "DemoProject" */;
			compatibilityVersion = "Xcode 3.2";
			developmentRegion = English;
			hasScannedForEncodings = 0;
			knownRegions = (
				en,
				Base,
			);
			mainGroup = 5E64735A1A41CE6F00CB4DFD;
			productRefGroup = 5E6473641A41CE6F00CB4DFD /* Products */;
			projectDirPath = "";
			projectRoot = "";
			targets = (
				5E6473621A41CE6F00CB4DFD /* DemoProject */,
				5E6473771A41CE6F00CB4DFD /* DemoProjectTests */,
			);
		};
/* End PBXProject section */

/* Begin PBXResourcesBuildPhase section */
		5E6473611A41CE6F00CB4DFD /* Resources */ = {
			isa = PBXResourcesBuildPhase;
			buildActionMask = 2147483647;
			files = (
				5E64736E1A41CE6F00CB4DFD /* Main.storyboard in Resources */,
				5E6473731A41CE6F00CB4DFD /* LaunchScreen.xib in Resources */,
				5E6473701A41CE6F00CB4DFD /* Images.xcassets in Resources */,
			);
			runOnlyForDeploymentPostprocessing = 0;
		};
		5E6473761A41CE6F00CB4DFD /* Resources */ = {
			isa = PBXResourcesBuildPhase;
			buildActionMask = 2147483647;
			files = (
			);
			runOnlyForDeploymentPostprocessing = 0;
		};
/* End PBXResourcesBuildPhase section */

/* Begin PBXSourcesBuildPhase section */
		5E64735F1A41CE6F00CB4DFD /* Sources */ = {
			isa = PBXSourcesBuildPhase;
			buildActionMask = 2147483647;
			files = (
				5E64736B1A41CE6F00CB4DFD /* ViewController.swift in Sources */,
				5E6473691A41CE6F00CB4DFD /* AppDelegate.swift in Sources */,
			);
			runOnlyForDeploymentPostprocessing = 0;
		};
		5E6473741A41CE6F00CB4DFD /* Sources */ = {
			isa = PBXSourcesBuildPhase;
			buildActionMask = 2147483647;
			files = (
				5E64737F1A41CE6F00CB4DFD /* DemoProjectTests.swift in Sources */,
			);
			runOnlyForDeploymentPostprocessing = 0;
		};
/* End PBXSourcesBuildPhase section */

/* Begin PBXTargetDependency section */
		5E64737A1A41CE6F00CB4DFD /* PBXTargetDependency */ = {
			isa = PBXTargetDependency;
			target = 5E6473621A41CE6F00CB4DFD /* DemoProject */;
			targetProxy = 5E6473791A41CE6F00CB4DFD /* PBXContainerItemProxy */;
		};
/* End PBXTargetDependency section */

/* Begin PBXVariantGroup section */
		5E64736C1A41CE6F00CB4DFD /* Main.storyboard */ = {
			isa = PBXVariantGroup;
			children = (
				5E64736D1A41CE6F00CB4DFD /* Base */,
			);
			name = Main.storyboard;
			sourceTree = "<group>";
		};
		5E6473711A41CE6F00CB4DFD /* LaunchScreen.xib */ = {
			isa = PBXVariantGroup;
			children = (
				5E6473721A41CE6F00CB4DFD /* Base */,
			);
			name = LaunchScreen.xib;
			sourceTree = "<group>";
		};
/* End PBXVariantGroup section */

/* Begin XCBuildConfiguration section */
		5E6473801A41CE6F00CB4DFD /* Debug */ = {
			isa = XCBuildConfiguration;
			buildSettings = {
				ALWAYS_SEARCH_USER_PATHS = NO;
				CLANG_CXX_LANGUAGE_STANDARD = "gnu++0x";
				CLANG_CXX_LIBRARY = "libc++";
				CLANG_ENABLE_MODULES = YES;
				CLANG_ENABLE_OBJC_ARC = YES;
				CLANG_WARN_BOOL_CONVERSION = YES;
				CLANG_WARN_CONSTANT_CONVERSION = YES;
				CLANG_WARN_DIRECT_OBJC_ISA_USAGE = YES_ERROR;
				CLANG_WARN_EMPTY_BODY = YES;
				CLANG_WARN_ENUM_CONVERSION = YES;
				CLANG_WARN_INT_CONVERSION = YES;
				CLANG_WARN_OBJC_ROOT_CLASS = YES_ERROR;
				CLANG_WARN_UNREACHABLE_CODE = YES;
				CLANG_WARN__DUPLICATE_METHOD_MATCH = YES;
				"CODE_SIGN_IDENTITY[sdk=iphoneos*]" = "iPhone Developer";
				COPY_PHASE_STRIP = NO;
				ENABLE_STRICT_OBJC_MSGSEND = YES;
				GCC_C_LANGUAGE_STANDARD = gnu99;
				GCC_DYNAMIC_NO_PIC = NO;
				GCC_OPTIMIZATION_LEVEL = 0;
				GCC_PREPROCESSOR_DEFINITIONS = (
					"DEBUG=1",
					"$(inherited)",
				);
				GCC_SYMBOLS_PRIVATE_EXTERN = NO;
				GCC_WARN_64_TO_32_BIT_CONVERSION = YES;
				GCC_WARN_ABOUT_RETURN_TYPE = YES_ERROR;
				GCC_WARN_UNDECLARED_SELECTOR = YES;
				GCC_WARN_UNINITIALIZED_AUTOS = YES_AGGRESSIVE;
				GCC_WARN_UNUSED_FUNCTION = YES;
				GCC_WARN_UNUSED_VARIABLE = YES;
				IPHONEOS_DEPLOYMENT_TARGET = 8.1;
				MTL_ENABLE_DEBUG_INFO = YES;
				ONLY_ACTIVE_ARCH = YES;
				SDKROOT = iphoneos;
				SWIFT_OPTIMIZATION_LEVEL = "-Onone";
				TARGETED_DEVICE_FAMILY = "1,2";
			};
			name = Debug;
		};
		5E6473811A41CE6F00CB4DFD /* Release */ = {
			isa = XCBuildConfiguration;
			buildSettings = {
				ALWAYS_SEARCH_USER_PATHS = NO;
				CLANG_CXX_LANGUAGE_STANDARD = "gnu++0x";
				CLANG_CXX_LIBRARY = "libc++";
				CLANG_ENABLE_MODULES = YES;
				CLANG_ENABLE_OBJC_ARC = YES;
				CLANG_WARN_BOOL_CONVERSION = YES;
				CLANG_WARN_CONSTANT_CONVERSION = YES;
				CLANG_WARN_DIRECT_OBJC_ISA_USAGE = YES_ERROR;
				CLANG_WARN_EMPTY_BODY = YES;
				CLANG_WARN_ENUM_CONVERSION = YES;
				CLANG_WARN_INT_CONVERSION = YES;
				CLANG_WARN_OBJC_ROOT_CLASS = YES_ERROR;
				CLANG_WARN_UNREACHABLE_CODE = YES;
				CLANG_WARN__DUPLICATE_METHOD_MATCH = YES;
				"CODE_SIGN_IDENTITY[sdk=iphoneos*]" = "iPhone Developer";
				COPY_PHASE_STRIP = YES;
				ENABLE_NS_ASSERTIONS = NO;
				ENABLE_STRICT_OBJC_MSGSEND = YES;
				GCC_C_LANGUAGE_STANDARD = gnu99;
				GCC_WARN_64_TO_32_BIT_CONVERSION = YES;
				GCC_WARN_ABOUT_RETURN_TYPE = YES_ERROR;
				GCC_WARN_UNDECLARED_SELECTOR = YES;
				GCC_WARN_UNINITIALIZED_AUTOS = YES_AGGRESSIVE;
				GCC_WARN_UNUSED_FUNCTION = YES;
				GCC_WARN_UNUSED_VARIABLE = YES;
				IPHONEOS_DEPLOYMENT_TARGET = 8.1;
				MTL_ENABLE_DEBUG_INFO = NO;
				SDKROOT = iphoneos;
				TARGETED_DEVICE_FAMILY = "1,2";
				VALIDATE_PRODUCT = YES;
			};
			name = Release;
		};
		5E6473831A41CE6F00CB4DFD /* Debug */ = {
			isa = XCBuildConfiguration;
			buildSettings = {
				ASSETCATALOG_COMPILER_APPICON_NAME = AppIcon;
				INFOPLIST_FILE = DemoProject/Info.plist;
				LD_RUNPATH_SEARCH_PATHS = "$(inherited) @executable_path/Frameworks";
				PRODUCT_NAME = "$(TARGET_NAME)";
			};
			name = Debug;
		};
		5E6473841A41CE6F00CB4DFD /* Release */ = {
			isa = XCBuildConfiguration;
			buildSettings = {
				ASSETCATALOG_COMPILER_APPICON_NAME = AppIcon;
				INFOPLIST_FILE = DemoProject/Info.plist;
				LD_RUNPATH_SEARCH_PATHS = "$(inherited) @executable_path/Frameworks";
				PRODUCT_NAME = "$(TARGET_NAME)";
			};
			name = Release;
		};
		5E6473861A41CE6F00CB4DFD /* Debug */ = {
			isa = XCBuildConfiguration;
			buildSettings = {
				BUNDLE_LOADER = "$(TEST_HOST)";
				FRAMEWORK_SEARCH_PATHS = (
					"$(SDKROOT)/Developer/Library/Frameworks",
					"$(inherited)",
				);
				GCC_PREPROCESSOR_DEFINITIONS = (
					"DEBUG=1",
					"$(inherited)",
				);
				INFOPLIST_FILE = DemoProjectTests/Info.plist;
				LD_RUNPATH_SEARCH_PATHS = "$(inherited) @executable_path/Frameworks @loader_path/Frameworks";
				PRODUCT_NAME = "$(TARGET_NAME)";
				TEST_HOST = "$(BUILT_PRODUCTS_DIR)/DemoProject.app/DemoProject";
			};
			name = Debug;
		};
		5E6473871A41CE6F00CB4DFD /* Release */ = {
			isa = XCBuildConfiguration;
			buildSettings = {
				BUNDLE_LOADER = "$(TEST_HOST)";
				FRAMEWORK_SEARCH_PATHS = (
					"$(SDKROOT)/Developer/Library/Frameworks",
					"$(inherited)",
				);
				INFOPLIST_FILE = DemoProjectTests/Info.plist;
				LD_RUNPATH_SEARCH_PATHS = "$(inherited) @executable_path/Frameworks @loader_path/Frameworks";
				PRODUCT_NAME = "$(TARGET_NAME)";
				TEST_HOST = "$(BUILT_PRODUCTS_DIR)/DemoProject.app/DemoProject";
			};
			name = Release;
		};
/* End XCBuildConfiguration section */

/* Begin XCConfigurationList section */
		5E64735E1A41CE6F00CB4DFD /* Build configuration list for PBXProject "DemoProject" */ = {
			isa = XCConfigurationList;
			buildConfigurations = (
				5E6473801A41CE6F00CB4DFD /* Debug */,
				5E6473811A41CE6F00CB4DFD /* Release */,
			);
			defaultConfigurationIsVisible = 0;
			defaultConfigurationName = Release;
		};
		5E6473821A41CE6F00CB4DFD /* Build configuration list for PBXNativeTarget "DemoProject" */ = {
			isa = XCConfigurationList;
			buildConfigurations = (
				5E6473831A41CE6F00CB4DFD /* Debug */,
				5E6473841A41CE6F00CB4DFD /* Release */,
			);
			defaultConfigurationIsVisible = 0;
		};
		5E6473851A41CE6F00CB4DFD /* Build configuration list for PBXNativeTarget "DemoProjectTests" */ = {
			isa = XCConfigurationList;
			buildConfigurations = (
				5E6473861A41CE6F00CB4DFD /* Debug */,
				5E6473871A41CE6F00CB4DFD /* Release */,
			);
			defaultConfigurationIsVisible = 0;
		};
/* End XCConfigurationList section */
	};
	rootObject = 5E64735B1A41CE6F00CB4DFD /* Project object */;
}
